// !$*UTF8*$!
{
	archiveVersion = 1;
	classes = {
	};
	objectVersion = 46;
	objects = {

/* Begin PBXBuildFile section */
		ADCA94C11DAFA0B700A712CC /* CSWebShot.h in Headers */ = {isa = PBXBuildFile; fileRef = ADCA94B31DAFA0B600A712CC /* CSWebShot.h */; settings = {ATTRIBUTES = (Public, ); }; };
		ADCA94CF1DAFA20800A712CC /* CSWebShot.m in Sources */ = {isa = PBXBuildFile; fileRef = ADCA94CE1DAFA20800A712CC /* CSWebShot.m */; };
		ADCA94FE1DAFD6EF00A712CC /* CSWebShotTests.swift in Sources */ = {isa = PBXBuildFile; fileRef = ADCA94FD1DAFD6EF00A712CC /* CSWebShotTests.swift */; };
		ADCA95001DAFD6EF00A712CC /* CSWebShot.framework in Frameworks */ = {isa = PBXBuildFile; fileRef = ADCA94B01DAFA0B600A712CC /* CSWebShot.framework */; };
/* End PBXBuildFile section */

/* Begin PBXContainerItemProxy section */
		ADCA95011DAFD6EF00A712CC /* PBXContainerItemProxy */ = {
			isa = PBXContainerItemProxy;
			containerPortal = ADCA94A71DAFA0B600A712CC /* Project object */;
			proxyType = 1;
			remoteGlobalIDString = ADCA94AF1DAFA0B600A712CC;
			remoteInfo = CSWebShot;
		};
/* End PBXContainerItemProxy section */

/* Begin PBXFileReference section */
		ADCA94B01DAFA0B600A712CC /* CSWebShot.framework */ = {isa = PBXFileReference; explicitFileType = wrapper.framework; includeInIndex = 0; path = CSWebShot.framework; sourceTree = BUILT_PRODUCTS_DIR; };
		ADCA94B31DAFA0B600A712CC /* CSWebShot.h */ = {isa = PBXFileReference; lastKnownFileType = sourcecode.c.h; path = CSWebShot.h; sourceTree = "<group>"; };
		ADCA94B41DAFA0B600A712CC /* Info.plist */ = {isa = PBXFileReference; lastKnownFileType = text.plist.xml; path = Info.plist; sourceTree = "<group>"; };
		ADCA94CE1DAFA20800A712CC /* CSWebShot.m */ = {isa = PBXFileReference; fileEncoding = 4; lastKnownFileType = sourcecode.c.objc; path = CSWebShot.m; sourceTree = "<group>"; };
		ADCA94FB1DAFD6EF00A712CC /* CSWebShotTests.xctest */ = {isa = PBXFileReference; explicitFileType = wrapper.cfbundle; includeInIndex = 0; path = CSWebShotTests.xctest; sourceTree = BUILT_PRODUCTS_DIR; };
		ADCA94FD1DAFD6EF00A712CC /* CSWebShotTests.swift */ = {isa = PBXFileReference; lastKnownFileType = sourcecode.swift; path = CSWebShotTests.swift; sourceTree = "<group>"; };
		ADCA94FF1DAFD6EF00A712CC /* Info.plist */ = {isa = PBXFileReference; lastKnownFileType = text.plist.xml; path = Info.plist; sourceTree = "<group>"; };
/* End PBXFileReference section */

/* Begin PBXFrameworksBuildPhase section */
		ADCA94AC1DAFA0B600A712CC /* Frameworks */ = {
			isa = PBXFrameworksBuildPhase;
			buildActionMask = 2147483647;
			files = (
			);
			runOnlyForDeploymentPostprocessing = 0;
		};
		ADCA94F81DAFD6EF00A712CC /* Frameworks */ = {
			isa = PBXFrameworksBuildPhase;
			buildActionMask = 2147483647;
			files = (
				ADCA95001DAFD6EF00A712CC /* CSWebShot.framework in Frameworks */,
			);
			runOnlyForDeploymentPostprocessing = 0;
		};
/* End PBXFrameworksBuildPhase section */

/* Begin PBXGroup section */
		ADCA94A61DAFA0B600A712CC = {
			isa = PBXGroup;
			children = (
				ADCA94B21DAFA0B600A712CC /* CSWebShot */,
				ADCA94FC1DAFD6EF00A712CC /* CSWebShotTests */,
				ADCA94B11DAFA0B600A712CC /* Products */,
			);
			sourceTree = "<group>";
		};
		ADCA94B11DAFA0B600A712CC /* Products */ = {
			isa = PBXGroup;
			children = (
				ADCA94B01DAFA0B600A712CC /* CSWebShot.framework */,
				ADCA94FB1DAFD6EF00A712CC /* CSWebShotTests.xctest */,
			);
			name = Products;
			sourceTree = "<group>";
		};
		ADCA94B21DAFA0B600A712CC /* CSWebShot */ = {
			isa = PBXGroup;
			children = (
				ADCA94B31DAFA0B600A712CC /* CSWebShot.h */,
				ADCA94CE1DAFA20800A712CC /* CSWebShot.m */,
				ADCA94B41DAFA0B600A712CC /* Info.plist */,
			);
			path = CSWebShot;
			sourceTree = "<group>";
		};
		ADCA94FC1DAFD6EF00A712CC /* CSWebShotTests */ = {
			isa = PBXGroup;
			children = (
				ADCA94FD1DAFD6EF00A712CC /* CSWebShotTests.swift */,
				ADCA94FF1DAFD6EF00A712CC /* Info.plist */,
			);
			path = CSWebShotTests;
			sourceTree = "<group>";
		};
/* End PBXGroup section */

/* Begin PBXHeadersBuildPhase section */
		ADCA94AD1DAFA0B600A712CC /* Headers */ = {
			isa = PBXHeadersBuildPhase;
			buildActionMask = 2147483647;
			files = (
				ADCA94C11DAFA0B700A712CC /* CSWebShot.h in Headers */,
			);
			runOnlyForDeploymentPostprocessing = 0;
		};
/* End PBXHeadersBuildPhase section */

/* Begin PBXNativeTarget section */
		ADCA94AF1DAFA0B600A712CC /* CSWebShot */ = {
			isa = PBXNativeTarget;
			buildConfigurationList = ADCA94C41DAFA0B700A712CC /* Build configuration list for PBXNativeTarget "CSWebShot" */;
			buildPhases = (
				ADCA94AB1DAFA0B600A712CC /* Sources */,
				ADCA94AC1DAFA0B600A712CC /* Frameworks */,
				ADCA94AD1DAFA0B600A712CC /* Headers */,
				ADCA94AE1DAFA0B600A712CC /* Resources */,
			);
			buildRules = (
			);
			dependencies = (
			);
			name = CSWebShot;
			productName = CSWebShot;
			productReference = ADCA94B01DAFA0B600A712CC /* CSWebShot.framework */;
			productType = "com.apple.product-type.framework";
		};
		ADCA94FA1DAFD6EF00A712CC /* CSWebShotTests */ = {
			isa = PBXNativeTarget;
			buildConfigurationList = ADCA95031DAFD6EF00A712CC /* Build configuration list for PBXNativeTarget "CSWebShotTests" */;
			buildPhases = (
				ADCA94F71DAFD6EF00A712CC /* Sources */,
				ADCA94F81DAFD6EF00A712CC /* Frameworks */,
				ADCA94F91DAFD6EF00A712CC /* Resources */,
			);
			buildRules = (
			);
			dependencies = (
				ADCA95021DAFD6EF00A712CC /* PBXTargetDependency */,
			);
			name = CSWebShotTests;
			productName = CSWebShotTests;
			productReference = ADCA94FB1DAFD6EF00A712CC /* CSWebShotTests.xctest */;
			productType = "com.apple.product-type.bundle.unit-test";
		};
/* End PBXNativeTarget section */

/* Begin PBXProject section */
		ADCA94A71DAFA0B600A712CC /* Project object */ = {
			isa = PBXProject;
			attributes = {
				LastSwiftUpdateCheck = 0800;
				LastUpgradeCheck = 0800;
				ORGANIZATIONNAME = "Cătălin Stan";
				TargetAttributes = {
					ADCA94AF1DAFA0B600A712CC = {
						CreatedOnToolsVersion = 8.0;
						DevelopmentTeam = JNX7A8G939;
						ProvisioningStyle = Automatic;
					};
					ADCA94FA1DAFD6EF00A712CC = {
						CreatedOnToolsVersion = 8.0;
						DevelopmentTeam = JNX7A8G939;
						ProvisioningStyle = Automatic;
					};
				};
			};
			buildConfigurationList = ADCA94AA1DAFA0B600A712CC /* Build configuration list for PBXProject "CSWebShot" */;
			compatibilityVersion = "Xcode 3.2";
			developmentRegion = English;
			hasScannedForEncodings = 0;
			knownRegions = (
				en,
				Base,
			);
			mainGroup = ADCA94A61DAFA0B600A712CC;
			productRefGroup = ADCA94B11DAFA0B600A712CC /* Products */;
			projectDirPath = "";
			projectRoot = "";
			targets = (
				ADCA94AF1DAFA0B600A712CC /* CSWebShot */,
				ADCA94FA1DAFD6EF00A712CC /* CSWebShotTests */,
			);
		};
/* End PBXProject section */

/* Begin PBXResourcesBuildPhase section */
		ADCA94AE1DAFA0B600A712CC /* Resources */ = {
			isa = PBXResourcesBuildPhase;
			buildActionMask = 2147483647;
			files = (
			);
			runOnlyForDeploymentPostprocessing = 0;
		};
		ADCA94F91DAFD6EF00A712CC /* Resources */ = {
			isa = PBXResourcesBuildPhase;
			buildActionMask = 2147483647;
			files = (
			);
			runOnlyForDeploymentPostprocessing = 0;
		};
/* End PBXResourcesBuildPhase section */

/* Begin PBXSourcesBuildPhase section */
		ADCA94AB1DAFA0B600A712CC /* Sources */ = {
			isa = PBXSourcesBuildPhase;
			buildActionMask = 2147483647;
			files = (
				ADCA94CF1DAFA20800A712CC /* CSWebShot.m in Sources */,
			);
			runOnlyForDeploymentPostprocessing = 0;
		};
		ADCA94F71DAFD6EF00A712CC /* Sources */ = {
			isa = PBXSourcesBuildPhase;
			buildActionMask = 2147483647;
			files = (
				ADCA94FE1DAFD6EF00A712CC /* CSWebShotTests.swift in Sources */,
			);
			runOnlyForDeploymentPostprocessing = 0;
		};
/* End PBXSourcesBuildPhase section */

/* Begin PBXTargetDependency section */
		ADCA95021DAFD6EF00A712CC /* PBXTargetDependency */ = {
			isa = PBXTargetDependency;
			target = ADCA94AF1DAFA0B600A712CC /* CSWebShot */;
			targetProxy = ADCA95011DAFD6EF00A712CC /* PBXContainerItemProxy */;
		};
/* End PBXTargetDependency section */

/* Begin XCBuildConfiguration section */
		ADCA94C21DAFA0B700A712CC /* Debug */ = {
			isa = XCBuildConfiguration;
			buildSettings = {
				ALWAYS_SEARCH_USER_PATHS = NO;
				CLANG_ANALYZER_NONNULL = YES;
				CLANG_CXX_LANGUAGE_STANDARD = "gnu++0x";
				CLANG_CXX_LIBRARY = "libc++";
				CLANG_ENABLE_MODULES = YES;
				CLANG_ENABLE_OBJC_ARC = YES;
				CLANG_WARN_BOOL_CONVERSION = YES;
				CLANG_WARN_CONSTANT_CONVERSION = YES;
				CLANG_WARN_DIRECT_OBJC_ISA_USAGE = YES_ERROR;
				CLANG_WARN_DOCUMENTATION_COMMENTS = YES;
				CLANG_WARN_EMPTY_BODY = YES;
				CLANG_WARN_ENUM_CONVERSION = YES;
				CLANG_WARN_INFINITE_RECURSION = YES;
				CLANG_WARN_INT_CONVERSION = YES;
				CLANG_WARN_OBJC_ROOT_CLASS = YES_ERROR;
				CLANG_WARN_SUSPICIOUS_MOVES = YES;
				CLANG_WARN_UNREACHABLE_CODE = YES;
				CLANG_WARN__DUPLICATE_METHOD_MATCH = YES;
				CODE_SIGN_IDENTITY = "-";
				COPY_PHASE_STRIP = NO;
				CURRENT_PROJECT_VERSION = 1;
				DEBUG_INFORMATION_FORMAT = dwarf;
				ENABLE_STRICT_OBJC_MSGSEND = YES;
				ENABLE_TESTABILITY = YES;
				GCC_C_LANGUAGE_STANDARD = gnu99;
				GCC_DYNAMIC_NO_PIC = NO;
				GCC_NO_COMMON_BLOCKS = YES;
				GCC_OPTIMIZATION_LEVEL = 0;
				GCC_PREPROCESSOR_DEFINITIONS = (
					"DEBUG=1",
					"$(inherited)",
				);
				GCC_WARN_64_TO_32_BIT_CONVERSION = YES;
				GCC_WARN_ABOUT_RETURN_TYPE = YES_ERROR;
				GCC_WARN_UNDECLARED_SELECTOR = YES;
				GCC_WARN_UNINITIALIZED_AUTOS = YES_AGGRESSIVE;
				GCC_WARN_UNUSED_FUNCTION = YES;
				GCC_WARN_UNUSED_VARIABLE = YES;
				MACOSX_DEPLOYMENT_TARGET = 10.12;
				MTL_ENABLE_DEBUG_INFO = YES;
				ONLY_ACTIVE_ARCH = YES;
				SDKROOT = macosx;
				VERSIONING_SYSTEM = "apple-generic";
				VERSION_INFO_PREFIX = "";
			};
			name = Debug;
		};
		ADCA94C31DAFA0B700A712CC /* Release */ = {
			isa = XCBuildConfiguration;
			buildSettings = {
				ALWAYS_SEARCH_USER_PATHS = NO;
				CLANG_ANALYZER_NONNULL = YES;
				CLANG_CXX_LANGUAGE_STANDARD = "gnu++0x";
				CLANG_CXX_LIBRARY = "libc++";
				CLANG_ENABLE_MODULES = YES;
				CLANG_ENABLE_OBJC_ARC = YES;
				CLANG_WARN_BOOL_CONVERSION = YES;
				CLANG_WARN_CONSTANT_CONVERSION = YES;
				CLANG_WARN_DIRECT_OBJC_ISA_USAGE = YES_ERROR;
				CLANG_WARN_DOCUMENTATION_COMMENTS = YES;
				CLANG_WARN_EMPTY_BODY = YES;
				CLANG_WARN_ENUM_CONVERSION = YES;
				CLANG_WARN_INFINITE_RECURSION = YES;
				CLANG_WARN_INT_CONVERSION = YES;
				CLANG_WARN_OBJC_ROOT_CLASS = YES_ERROR;
				CLANG_WARN_SUSPICIOUS_MOVES = YES;
				CLANG_WARN_UNREACHABLE_CODE = YES;
				CLANG_WARN__DUPLICATE_METHOD_MATCH = YES;
				CODE_SIGN_IDENTITY = "-";
				COPY_PHASE_STRIP = NO;
				CURRENT_PROJECT_VERSION = 1;
				DEBUG_INFORMATION_FORMAT = "dwarf-with-dsym";
				ENABLE_NS_ASSERTIONS = NO;
				ENABLE_STRICT_OBJC_MSGSEND = YES;
				GCC_C_LANGUAGE_STANDARD = gnu99;
				GCC_NO_COMMON_BLOCKS = YES;
				GCC_WARN_64_TO_32_BIT_CONVERSION = YES;
				GCC_WARN_ABOUT_RETURN_TYPE = YES_ERROR;
				GCC_WARN_UNDECLARED_SELECTOR = YES;
				GCC_WARN_UNINITIALIZED_AUTOS = YES_AGGRESSIVE;
				GCC_WARN_UNUSED_FUNCTION = YES;
				GCC_WARN_UNUSED_VARIABLE = YES;
				MACOSX_DEPLOYMENT_TARGET = 10.12;
				MTL_ENABLE_DEBUG_INFO = NO;
				SDKROOT = macosx;
				VERSIONING_SYSTEM = "apple-generic";
				VERSION_INFO_PREFIX = "";
			};
			name = Release;
		};
		ADCA94C51DAFA0B700A712CC /* Debug */ = {
			isa = XCBuildConfiguration;
			buildSettings = {
				CODE_SIGN_IDENTITY = "";
				COMBINE_HIDPI_IMAGES = YES;
				DEFINES_MODULE = YES;
				DEVELOPMENT_TEAM = JNX7A8G939;
				DYLIB_COMPATIBILITY_VERSION = 1;
				DYLIB_CURRENT_VERSION = 1;
				DYLIB_INSTALL_NAME_BASE = "@rpath";
				FRAMEWORK_VERSION = A;
				INFOPLIST_FILE = CSWebShot/Info.plist;
				INSTALL_PATH = "$(LOCAL_LIBRARY_DIR)/Frameworks";
				LD_RUNPATH_SEARCH_PATHS = "$(inherited) @executable_path/../Frameworks @loader_path/Frameworks";
				MACOSX_DEPLOYMENT_TARGET = 10.8;
				PRODUCT_BUNDLE_IDENTIFIER = com.catalinstan.CSWebShot;
				PRODUCT_NAME = "$(TARGET_NAME)";
				SKIP_INSTALL = YES;
			};
			name = Debug;
		};
		ADCA94C61DAFA0B700A712CC /* Release */ = {
			isa = XCBuildConfiguration;
			buildSettings = {
				CODE_SIGN_IDENTITY = "";
				COMBINE_HIDPI_IMAGES = YES;
				DEFINES_MODULE = YES;
				DEVELOPMENT_TEAM = JNX7A8G939;
				DYLIB_COMPATIBILITY_VERSION = 1;
				DYLIB_CURRENT_VERSION = 1;
				DYLIB_INSTALL_NAME_BASE = "@rpath";
				FRAMEWORK_VERSION = A;
				INFOPLIST_FILE = CSWebShot/Info.plist;
				INSTALL_PATH = "$(LOCAL_LIBRARY_DIR)/Frameworks";
				LD_RUNPATH_SEARCH_PATHS = "$(inherited) @executable_path/../Frameworks @loader_path/Frameworks";
				MACOSX_DEPLOYMENT_TARGET = 10.8;
				PRODUCT_BUNDLE_IDENTIFIER = com.catalinstan.CSWebShot;
				PRODUCT_NAME = "$(TARGET_NAME)";
				SKIP_INSTALL = YES;
			};
			name = Release;
		};
		ADCA95041DAFD6EF00A712CC /* Debug */ = {
			isa = XCBuildConfiguration;
			buildSettings = {
				COMBINE_HIDPI_IMAGES = YES;
				DEVELOPMENT_TEAM = JNX7A8G939;
				INFOPLIST_FILE = CSWebShotTests/Info.plist;
				LD_RUNPATH_SEARCH_PATHS = "$(inherited) @executable_path/../Frameworks @loader_path/../Frameworks";
				PRODUCT_BUNDLE_IDENTIFIER = com.catalinstan.CSWebShotTests;
				PRODUCT_NAME = "$(TARGET_NAME)";
				SWIFT_ACTIVE_COMPILATION_CONDITIONS = DEBUG;
				SWIFT_OPTIMIZATION_LEVEL = "-Onone";
				SWIFT_VERSION = 3.0;
			};
			name = Debug;
		};
		ADCA95051DAFD6EF00A712CC /* Release */ = {
			isa = XCBuildConfiguration;
			buildSettings = {
				COMBINE_HIDPI_IMAGES = YES;
				DEVELOPMENT_TEAM = JNX7A8G939;
				INFOPLIST_FILE = CSWebShotTests/Info.plist;
				LD_RUNPATH_SEARCH_PATHS = "$(inherited) @executable_path/../Frameworks @loader_path/../Frameworks";
				PRODUCT_BUNDLE_IDENTIFIER = com.catalinstan.CSWebShotTests;
				PRODUCT_NAME = "$(TARGET_NAME)";
				SWIFT_OPTIMIZATION_LEVEL = "-Owholemodule";
				SWIFT_VERSION = 3.0;
			};
			name = Release;
		};
/* End XCBuildConfiguration section */

/* Begin XCConfigurationList section */
		ADCA94AA1DAFA0B600A712CC /* Build configuration list for PBXProject "CSWebShot" */ = {
			isa = XCConfigurationList;
			buildConfigurations = (
				ADCA94C21DAFA0B700A712CC /* Debug */,
				ADCA94C31DAFA0B700A712CC /* Release */,
			);
			defaultConfigurationIsVisible = 0;
			defaultConfigurationName = Release;
		};
		ADCA94C41DAFA0B700A712CC /* Build configuration list for PBXNativeTarget "CSWebShot" */ = {
			isa = XCConfigurationList;
			buildConfigurations = (
				ADCA94C51DAFA0B700A712CC /* Debug */,
				ADCA94C61DAFA0B700A712CC /* Release */,
			);
			defaultConfigurationIsVisible = 0;
			defaultConfigurationName = Release;
		};
		ADCA95031DAFD6EF00A712CC /* Build configuration list for PBXNativeTarget "CSWebShotTests" */ = {
			isa = XCConfigurationList;
			buildConfigurations = (
				ADCA95041DAFD6EF00A712CC /* Debug */,
				ADCA95051DAFD6EF00A712CC /* Release */,
			);
			defaultConfigurationIsVisible = 0;
			defaultConfigurationName = Release;
		};
/* End XCConfigurationList section */
	};
	rootObject = ADCA94A71DAFA0B600A712CC /* Project object */;
}
